
Microsoft Visual Studio Solution File, Format Version 11.00
# Visual Studio 2010
Project("{FAE04EC0-301F-11D3-BF4B-00C04F79EFBC}") = "Layton.AuditWizard.AuditWizardService", "AuditWizardService\Layton.AuditWizard.AuditWizardService.csproj", "{778E67B2-B7E9-4B27-A4B9-657A1331856B}"
EndProject
Project("{FAE04EC0-301F-11D3-BF4B-00C04F79EFBC}") = "Layton.AuditWizard.Administration", "Layton.AuditWizard.Administration\Layton.AuditWizard.Administration.csproj", "{95C209BD-EA16-4F97-BC2B-FB96B7076E6F}"
EndProject
Project("{FAE04EC0-301F-11D3-BF4B-00C04F79EFBC}") = "Layton.AuditWizard.Applications", "Layton.AuditWizard.Applications\Layton.AuditWizard.Applications.csproj", "{D9FDDCE5-F067-435C-B0AF-EE3C2763D8E0}"
EndProject
Project("{FAE04EC0-301F-11D3-BF4B-00C04F79EFBC}") = "Layton.AuditWizard.AuditTrail", "Layton.AuditWizard.AuditTrail\Layton.AuditWizard.AuditTrail.csproj", "{766F04E6-DAAE-4440-A634-3D8CF0EA283F}"
EndProject
Project("{FAE04EC0-301F-11D3-BF4B-00C04F79EFBC}") = "Layton.AuditWizard.Common", "Layton.AuditWizard.Common\Layton.AuditWizard.Common.csproj", "{2E7C0E1A-E76B-4940-B9F4-2AC30F8E30D4}"
EndProject
Project("{FAE04EC0-301F-11D3-BF4B-00C04F79EFBC}") = "Layton.AuditWizard.Network", "Layton.AuditWizard.Network\Layton.AuditWizard.Network.csproj", "{9103C255-D71C-4E99-87A6-047D4A32EF67}"
EndProject
Project("{FAE04EC0-301F-11D3-BF4B-00C04F79EFBC}") = "Layton.AuditWizard.Overview", "Layton.AuditWizard.Overview\Layton.AuditWizard.Overview.csproj", "{9569DD52-34F7-4F8D-97E6-3EA95774B56D}"
EndProject
Project("{FAE04EC0-301F-11D3-BF4B-00C04F79EFBC}") = "Layton.Cab.Shell", "Layton Framework\Cab\Shell\Layton.Cab.Shell.csproj", "{3A5DB212-B10D-4F7F-8760-AE60B99E3F68}"
EndProject
Project("{FAE04EC0-301F-11D3-BF4B-00C04F79EFBC}") = "Layton.Cab.Interface", "Layton Framework\Cab\Interface\Layton.Cab.Interface.csproj", "{CA632E36-6514-40A6-B43B-925B89DE7A81}"
EndProject
Project("{FAE04EC0-301F-11D3-BF4B-00C04F79EFBC}") = "DataBridge", "DataBridge\DataBridge.csproj", "{02B1DD51-D480-4FE2-A7F6-8093D4B0BCEF}"
EndProject
Project("{FAE04EC0-301F-11D3-BF4B-00C04F79EFBC}") = "Layton.NetworkDiscovery", "Layton Framework\NetworkDiscovery\Layton.NetworkDiscovery.csproj", "{8362B063-98B7-47F1-A59D-5CE6EC5F34FE}"
EndProject
Project("{FAE04EC0-301F-11D3-BF4B-00C04F79EFBC}") = "Layton.AuditWizard.DataAccess", "Layton.AuditWizard.DataAccess\Layton.AuditWizard.DataAccess.csproj", "{AA9AF8D0-E825-4BDD-9291-624858D076CA}"
EndProject
Project("{FAE04EC0-301F-11D3-BF4B-00C04F79EFBC}") = "HandleAWServices", "HandleAWServices\HandleAWServices.csproj", "{CC6337CE-9E37-4E1D-9395-F7782CE77D6C}"
EndProject
Project("{FAE04EC0-301F-11D3-BF4B-00C04F79EFBC}") = "Layton.Common.Controls", "Layton.Common.Controls\Layton.Common.Controls.csproj", "{8CD552D1-01D2-4420-B5F8-4E57B84CB39B}"
EndProject
Project("{FAE04EC0-301F-11D3-BF4B-00C04F79EFBC}") = "Layton.AuditWizard.Reports", "Layton.AuditWizard.Reports\Layton.AuditWizard.Reports.csproj", "{DF8DA2AE-724A-4380-94B5-A8CC15C4E358}"
EndProject
Project("{54435603-DBB4-11D2-8724-00A0C9A8B90C}") = "AuditWizard_v8", "AW_Setup\AW_Setup.vdproj", "{5776C17D-3FA8-4D6F-82EF-40177478F39B}"
EndProject
Global
	GlobalSection(SolutionConfigurationPlatforms) = preSolution
		Debug Static|Any CPU = Debug Static|Any CPU
		Debug Static|Mixed Platforms = Debug Static|Mixed Platforms
		Debug Static|Win32 = Debug Static|Win32
		Debug Static|x64 = Debug Static|x64
		Debug Static|x86 = Debug Static|x86
		Debug|Any CPU = Debug|Any CPU
		Debug|Mixed Platforms = Debug|Mixed Platforms
		Debug|Win32 = Debug|Win32
		Debug|x64 = Debug|x64
		Debug|x86 = Debug|x86
		Release Static|Any CPU = Release Static|Any CPU
		Release Static|Mixed Platforms = Release Static|Mixed Platforms
		Release Static|Win32 = Release Static|Win32
		Release Static|x64 = Release Static|x64
		Release Static|x86 = Release Static|x86
		Release|Any CPU = Release|Any CPU
		Release|Mixed Platforms = Release|Mixed Platforms
		Release|Win32 = Release|Win32
		Release|x64 = Release|x64
		Release|x86 = Release|x86
	EndGlobalSection
	GlobalSection(ProjectConfigurationPlatforms) = postSolution
		{778E67B2-B7E9-4B27-A4B9-657A1331856B}.Debug Static|Any CPU.ActiveCfg = Release|Any CPU
		{778E67B2-B7E9-4B27-A4B9-657A1331856B}.Debug Static|Any CPU.Build.0 = Release|Any CPU
		{778E67B2-B7E9-4B27-A4B9-657A1331856B}.Debug Static|Mixed Platforms.ActiveCfg = Debug|Any CPU
		{778E67B2-B7E9-4B27-A4B9-657A1331856B}.Debug Static|Mixed Platforms.Build.0 = Debug|Any CPU
		{778E67B2-B7E9-4B27-A4B9-657A1331856B}.Debug Static|Win32.ActiveCfg = Debug|Any CPU
		{778E67B2-B7E9-4B27-A4B9-657A1331856B}.Debug Static|x64.ActiveCfg = Debug|x86
		{778E67B2-B7E9-4B27-A4B9-657A1331856B}.Debug Static|x86.ActiveCfg = Debug|x86
		{778E67B2-B7E9-4B27-A4B9-657A1331856B}.Debug Static|x86.Build.0 = Debug|x86
		{778E67B2-B7E9-4B27-A4B9-657A1331856B}.Debug|Any CPU.ActiveCfg = Debug|Any CPU
		{778E67B2-B7E9-4B27-A4B9-657A1331856B}.Debug|Any CPU.Build.0 = Debug|Any CPU
		{778E67B2-B7E9-4B27-A4B9-657A1331856B}.Debug|Mixed Platforms.ActiveCfg = Debug|Any CPU
		{778E67B2-B7E9-4B27-A4B9-657A1331856B}.Debug|Mixed Platforms.Build.0 = Debug|Any CPU
		{778E67B2-B7E9-4B27-A4B9-657A1331856B}.Debug|Win32.ActiveCfg = Debug|Any CPU
		{778E67B2-B7E9-4B27-A4B9-657A1331856B}.Debug|x64.ActiveCfg = Debug|x86
		{778E67B2-B7E9-4B27-A4B9-657A1331856B}.Debug|x86.ActiveCfg = Debug|x86
		{778E67B2-B7E9-4B27-A4B9-657A1331856B}.Debug|x86.Build.0 = Debug|x86
		{778E67B2-B7E9-4B27-A4B9-657A1331856B}.Release Static|Any CPU.ActiveCfg = Release|Any CPU
		{778E67B2-B7E9-4B27-A4B9-657A1331856B}.Release Static|Any CPU.Build.0 = Release|Any CPU
		{778E67B2-B7E9-4B27-A4B9-657A1331856B}.Release Static|Mixed Platforms.ActiveCfg = Release|Any CPU
		{778E67B2-B7E9-4B27-A4B9-657A1331856B}.Release Static|Mixed Platforms.Build.0 = Release|Any CPU
		{778E67B2-B7E9-4B27-A4B9-657A1331856B}.Release Static|Win32.ActiveCfg = Release|Any CPU
		{778E67B2-B7E9-4B27-A4B9-657A1331856B}.Release Static|x64.ActiveCfg = Release|x86
		{778E67B2-B7E9-4B27-A4B9-657A1331856B}.Release Static|x86.ActiveCfg = Release|x86
		{778E67B2-B7E9-4B27-A4B9-657A1331856B}.Release Static|x86.Build.0 = Release|x86
		{778E67B2-B7E9-4B27-A4B9-657A1331856B}.Release|Any CPU.ActiveCfg = Release|Any CPU
		{778E67B2-B7E9-4B27-A4B9-657A1331856B}.Release|Any CPU.Build.0 = Release|Any CPU
		{778E67B2-B7E9-4B27-A4B9-657A1331856B}.Release|Mixed Platforms.ActiveCfg = Release|Any CPU
		{778E67B2-B7E9-4B27-A4B9-657A1331856B}.Release|Mixed Platforms.Build.0 = Release|Any CPU
		{778E67B2-B7E9-4B27-A4B9-657A1331856B}.Release|Win32.ActiveCfg = Release|Any CPU
		{778E67B2-B7E9-4B27-A4B9-657A1331856B}.Release|x64.ActiveCfg = Release|x86
		{778E67B2-B7E9-4B27-A4B9-657A1331856B}.Release|x86.ActiveCfg = Release|x86
		{778E67B2-B7E9-4B27-A4B9-657A1331856B}.Release|x86.Build.0 = Release|x86
		{95C209BD-EA16-4F97-BC2B-FB96B7076E6F}.Debug Static|Any CPU.ActiveCfg = Release|Any CPU
		{95C209BD-EA16-4F97-BC2B-FB96B7076E6F}.Debug Static|Any CPU.Build.0 = Release|Any CPU
		{95C209BD-EA16-4F97-BC2B-FB96B7076E6F}.Debug Static|Mixed Platforms.ActiveCfg = Debug|Any CPU
		{95C209BD-EA16-4F97-BC2B-FB96B7076E6F}.Debug Static|Mixed Platforms.Build.0 = Debug|Any CPU
		{95C209BD-EA16-4F97-BC2B-FB96B7076E6F}.Debug Static|Win32.ActiveCfg = Debug|Any CPU
		{95C209BD-EA16-4F97-BC2B-FB96B7076E6F}.Debug Static|x64.ActiveCfg = Debug|x86
		{95C209BD-EA16-4F97-BC2B-FB96B7076E6F}.Debug Static|x86.ActiveCfg = Auditwizard - Debug|x86
		{95C209BD-EA16-4F97-BC2B-FB96B7076E6F}.Debug Static|x86.Build.0 = Debug|x86
		{95C209BD-EA16-4F97-BC2B-FB96B7076E6F}.Debug|Any CPU.ActiveCfg = Debug|Any CPU
		{95C209BD-EA16-4F97-BC2B-FB96B7076E6F}.Debug|Any CPU.Build.0 = Debug|Any CPU
		{95C209BD-EA16-4F97-BC2B-FB96B7076E6F}.Debug|Mixed Platforms.ActiveCfg = Debug|Any CPU
		{95C209BD-EA16-4F97-BC2B-FB96B7076E6F}.Debug|Mixed Platforms.Build.0 = Debug|Any CPU
		{95C209BD-EA16-4F97-BC2B-FB96B7076E6F}.Debug|Win32.ActiveCfg = Debug|Any CPU
		{95C209BD-EA16-4F97-BC2B-FB96B7076E6F}.Debug|x64.ActiveCfg = Debug|x86
		{95C209BD-EA16-4F97-BC2B-FB96B7076E6F}.Debug|x86.ActiveCfg = Debug|x86
		{95C209BD-EA16-4F97-BC2B-FB96B7076E6F}.Debug|x86.Build.0 = Debug|x86
		{95C209BD-EA16-4F97-BC2B-FB96B7076E6F}.Release Static|Any CPU.ActiveCfg = Release|Any CPU
		{95C209BD-EA16-4F97-BC2B-FB96B7076E6F}.Release Static|Any CPU.Build.0 = Release|Any CPU
		{95C209BD-EA16-4F97-BC2B-FB96B7076E6F}.Release Static|Mixed Platforms.ActiveCfg = Release|Any CPU
		{95C209BD-EA16-4F97-BC2B-FB96B7076E6F}.Release Static|Mixed Platforms.Build.0 = Release|Any CPU
		{95C209BD-EA16-4F97-BC2B-FB96B7076E6F}.Release Static|Win32.ActiveCfg = Release|Any CPU
		{95C209BD-EA16-4F97-BC2B-FB96B7076E6F}.Release Static|x64.ActiveCfg = Release|x86
		{95C209BD-EA16-4F97-BC2B-FB96B7076E6F}.Release Static|x86.ActiveCfg = Release|x86
		{95C209BD-EA16-4F97-BC2B-FB96B7076E6F}.Release Static|x86.Build.0 = Release|x86
		{95C209BD-EA16-4F97-BC2B-FB96B7076E6F}.Release|Any CPU.ActiveCfg = Release|Any CPU
		{95C209BD-EA16-4F97-BC2B-FB96B7076E6F}.Release|Any CPU.Build.0 = Release|Any CPU
		{95C209BD-EA16-4F97-BC2B-FB96B7076E6F}.Release|Mixed Platforms.ActiveCfg = Release|Any CPU
		{95C209BD-EA16-4F97-BC2B-FB96B7076E6F}.Release|Mixed Platforms.Build.0 = Release|Any CPU
		{95C209BD-EA16-4F97-BC2B-FB96B7076E6F}.Release|Win32.ActiveCfg = Release|Any CPU
		{95C209BD-EA16-4F97-BC2B-FB96B7076E6F}.Release|x64.ActiveCfg = Release|x86
		{95C209BD-EA16-4F97-BC2B-FB96B7076E6F}.Release|x86.ActiveCfg = Release|x86
		{95C209BD-EA16-4F97-BC2B-FB96B7076E6F}.Release|x86.Build.0 = Release|x86
		{D9FDDCE5-F067-435C-B0AF-EE3C2763D8E0}.Debug Static|Any CPU.ActiveCfg = Release|Any CPU
		{D9FDDCE5-F067-435C-B0AF-EE3C2763D8E0}.Debug Static|Any CPU.Build.0 = Release|Any CPU
		{D9FDDCE5-F067-435C-B0AF-EE3C2763D8E0}.Debug Static|Mixed Platforms.ActiveCfg = Debug|Any CPU
		{D9FDDCE5-F067-435C-B0AF-EE3C2763D8E0}.Debug Static|Mixed Platforms.Build.0 = Debug|Any CPU
		{D9FDDCE5-F067-435C-B0AF-EE3C2763D8E0}.Debug Static|Win32.ActiveCfg = Debug|Any CPU
		{D9FDDCE5-F067-435C-B0AF-EE3C2763D8E0}.Debug Static|x64.ActiveCfg = Debug|x86
		{D9FDDCE5-F067-435C-B0AF-EE3C2763D8E0}.Debug Static|x86.ActiveCfg = Debug|x86
		{D9FDDCE5-F067-435C-B0AF-EE3C2763D8E0}.Debug Static|x86.Build.0 = Debug|x86
		{D9FDDCE5-F067-435C-B0AF-EE3C2763D8E0}.Debug|Any CPU.ActiveCfg = Debug|Any CPU
		{D9FDDCE5-F067-435C-B0AF-EE3C2763D8E0}.Debug|Any CPU.Build.0 = Debug|Any CPU
		{D9FDDCE5-F067-435C-B0AF-EE3C2763D8E0}.Debug|Mixed Platforms.ActiveCfg = Debug|Any CPU
		{D9FDDCE5-F067-435C-B0AF-EE3C2763D8E0}.Debug|Mixed Platforms.Build.0 = Debug|Any CPU
		{D9FDDCE5-F067-435C-B0AF-EE3C2763D8E0}.Debug|Win32.ActiveCfg = Debug|Any CPU
		{D9FDDCE5-F067-435C-B0AF-EE3C2763D8E0}.Debug|x64.ActiveCfg = Debug|x86
		{D9FDDCE5-F067-435C-B0AF-EE3C2763D8E0}.Debug|x86.ActiveCfg = Debug|x86
		{D9FDDCE5-F067-435C-B0AF-EE3C2763D8E0}.Debug|x86.Build.0 = Debug|x86
		{D9FDDCE5-F067-435C-B0AF-EE3C2763D8E0}.Release Static|Any CPU.ActiveCfg = Release|Any CPU
		{D9FDDCE5-F067-435C-B0AF-EE3C2763D8E0}.Release Static|Any CPU.Build.0 = Release|Any CPU
		{D9FDDCE5-F067-435C-B0AF-EE3C2763D8E0}.Release Static|Mixed Platforms.ActiveCfg = Release|Any CPU
		{D9FDDCE5-F067-435C-B0AF-EE3C2763D8E0}.Release Static|Mixed Platforms.Build.0 = Release|Any CPU
		{D9FDDCE5-F067-435C-B0AF-EE3C2763D8E0}.Release Static|Win32.ActiveCfg = Release|Any CPU
		{D9FDDCE5-F067-435C-B0AF-EE3C2763D8E0}.Release Static|x64.ActiveCfg = Release|x86
		{D9FDDCE5-F067-435C-B0AF-EE3C2763D8E0}.Release Static|x86.ActiveCfg = Release|x86
		{D9FDDCE5-F067-435C-B0AF-EE3C2763D8E0}.Release Static|x86.Build.0 = Release|x86
		{D9FDDCE5-F067-435C-B0AF-EE3C2763D8E0}.Release|Any CPU.ActiveCfg = Release|Any CPU
		{D9FDDCE5-F067-435C-B0AF-EE3C2763D8E0}.Release|Any CPU.Build.0 = Release|Any CPU
		{D9FDDCE5-F067-435C-B0AF-EE3C2763D8E0}.Release|Mixed Platforms.ActiveCfg = Release|Any CPU
		{D9FDDCE5-F067-435C-B0AF-EE3C2763D8E0}.Release|Mixed Platforms.Build.0 = Release|Any CPU
		{D9FDDCE5-F067-435C-B0AF-EE3C2763D8E0}.Release|Win32.ActiveCfg = Release|Any CPU
		{D9FDDCE5-F067-435C-B0AF-EE3C2763D8E0}.Release|x64.ActiveCfg = Release|x86
		{D9FDDCE5-F067-435C-B0AF-EE3C2763D8E0}.Release|x86.ActiveCfg = Release|x86
		{D9FDDCE5-F067-435C-B0AF-EE3C2763D8E0}.Release|x86.Build.0 = Release|x86
		{766F04E6-DAAE-4440-A634-3D8CF0EA283F}.Debug Static|Any CPU.ActiveCfg = Release|Any CPU
		{766F04E6-DAAE-4440-A634-3D8CF0EA283F}.Debug Static|Any CPU.Build.0 = Release|Any CPU
		{766F04E6-DAAE-4440-A634-3D8CF0EA283F}.Debug Static|Mixed Platforms.ActiveCfg = Debug|Any CPU
		{766F04E6-DAAE-4440-A634-3D8CF0EA283F}.Debug Static|Mixed Platforms.Build.0 = Debug|Any CPU
		{766F04E6-DAAE-4440-A634-3D8CF0EA283F}.Debug Static|Win32.ActiveCfg = Debug|Any CPU
		{766F04E6-DAAE-4440-A634-3D8CF0EA283F}.Debug Static|x64.ActiveCfg = Debug|x86
		{766F04E6-DAAE-4440-A634-3D8CF0EA283F}.Debug Static|x86.ActiveCfg = Debug|x86
		{766F04E6-DAAE-4440-A634-3D8CF0EA283F}.Debug Static|x86.Build.0 = Debug|x86
		{766F04E6-DAAE-4440-A634-3D8CF0EA283F}.Debug|Any CPU.ActiveCfg = Debug|Any CPU
		{766F04E6-DAAE-4440-A634-3D8CF0EA283F}.Debug|Any CPU.Build.0 = Debug|Any CPU
		{766F04E6-DAAE-4440-A634-3D8CF0EA283F}.Debug|Mixed Platforms.ActiveCfg = Debug|Any CPU
		{766F04E6-DAAE-4440-A634-3D8CF0EA283F}.Debug|Mixed Platforms.Build.0 = Debug|Any CPU
		{766F04E6-DAAE-4440-A634-3D8CF0EA283F}.Debug|Win32.ActiveCfg = Debug|Any CPU
		{766F04E6-DAAE-4440-A634-3D8CF0EA283F}.Debug|x64.ActiveCfg = Debug|x86
		{766F04E6-DAAE-4440-A634-3D8CF0EA283F}.Debug|x86.ActiveCfg = Debug|x86
		{766F04E6-DAAE-4440-A634-3D8CF0EA283F}.Debug|x86.Build.0 = Debug|x86
		{766F04E6-DAAE-4440-A634-3D8CF0EA283F}.Release Static|Any CPU.ActiveCfg = Release|Any CPU
		{766F04E6-DAAE-4440-A634-3D8CF0EA283F}.Release Static|Any CPU.Build.0 = Release|Any CPU
		{766F04E6-DAAE-4440-A634-3D8CF0EA283F}.Release Static|Mixed Platforms.ActiveCfg = Release|Any CPU
		{766F04E6-DAAE-4440-A634-3D8CF0EA283F}.Release Static|Mixed Platforms.Build.0 = Release|Any CPU
		{766F04E6-DAAE-4440-A634-3D8CF0EA283F}.Release Static|Win32.ActiveCfg = Release|Any CPU
		{766F04E6-DAAE-4440-A634-3D8CF0EA283F}.Release Static|x64.ActiveCfg = Release|x86
		{766F04E6-DAAE-4440-A634-3D8CF0EA283F}.Release Static|x86.ActiveCfg = Release|x86
		{766F04E6-DAAE-4440-A634-3D8CF0EA283F}.Release Static|x86.Build.0 = Release|x86
		{766F04E6-DAAE-4440-A634-3D8CF0EA283F}.Release|Any CPU.ActiveCfg = Release|Any CPU
		{766F04E6-DAAE-4440-A634-3D8CF0EA283F}.Release|Any CPU.Build.0 = Release|Any CPU
		{766F04E6-DAAE-4440-A634-3D8CF0EA283F}.Release|Mixed Platforms.ActiveCfg = Release|Any CPU
		{766F04E6-DAAE-4440-A634-3D8CF0EA283F}.Release|Mixed Platforms.Build.0 = Release|Any CPU
		{766F04E6-DAAE-4440-A634-3D8CF0EA283F}.Release|Win32.ActiveCfg = Release|Any CPU
		{766F04E6-DAAE-4440-A634-3D8CF0EA283F}.Release|x64.ActiveCfg = Release|x86
		{766F04E6-DAAE-4440-A634-3D8CF0EA283F}.Release|x86.ActiveCfg = Release|x86
		{766F04E6-DAAE-4440-A634-3D8CF0EA283F}.Release|x86.Build.0 = Release|x86
		{2E7C0E1A-E76B-4940-B9F4-2AC30F8E30D4}.Debug Static|Any CPU.ActiveCfg = Release|Any CPU
		{2E7C0E1A-E76B-4940-B9F4-2AC30F8E30D4}.Debug Static|Any CPU.Build.0 = Release|Any CPU
		{2E7C0E1A-E76B-4940-B9F4-2AC30F8E30D4}.Debug Static|Mixed Platforms.ActiveCfg = Debug|Any CPU
		{2E7C0E1A-E76B-4940-B9F4-2AC30F8E30D4}.Debug Static|Mixed Platforms.Build.0 = Debug|Any CPU
		{2E7C0E1A-E76B-4940-B9F4-2AC30F8E30D4}.Debug Static|Win32.ActiveCfg = Debug|Any CPU
		{2E7C0E1A-E76B-4940-B9F4-2AC30F8E30D4}.Debug Static|x64.ActiveCfg = Debug|x86
		{2E7C0E1A-E76B-4940-B9F4-2AC30F8E30D4}.Debug Static|x86.ActiveCfg = Debug|x86
		{2E7C0E1A-E76B-4940-B9F4-2AC30F8E30D4}.Debug Static|x86.Build.0 = Debug|x86
		{2E7C0E1A-E76B-4940-B9F4-2AC30F8E30D4}.Debug|Any CPU.ActiveCfg = Debug|Any CPU
		{2E7C0E1A-E76B-4940-B9F4-2AC30F8E30D4}.Debug|Any CPU.Build.0 = Debug|Any CPU
		{2E7C0E1A-E76B-4940-B9F4-2AC30F8E30D4}.Debug|Mixed Platforms.ActiveCfg = Debug|Any CPU
		{2E7C0E1A-E76B-4940-B9F4-2AC30F8E30D4}.Debug|Mixed Platforms.Build.0 = Debug|Any CPU
		{2E7C0E1A-E76B-4940-B9F4-2AC30F8E30D4}.Debug|Win32.ActiveCfg = Debug|Any CPU
		{2E7C0E1A-E76B-4940-B9F4-2AC30F8E30D4}.Debug|x64.ActiveCfg = Debug|x86
		{2E7C0E1A-E76B-4940-B9F4-2AC30F8E30D4}.Debug|x86.ActiveCfg = Debug|x86
		{2E7C0E1A-E76B-4940-B9F4-2AC30F8E30D4}.Debug|x86.Build.0 = Debug|x86
		{2E7C0E1A-E76B-4940-B9F4-2AC30F8E30D4}.Release Static|Any CPU.ActiveCfg = Release|Any CPU
		{2E7C0E1A-E76B-4940-B9F4-2AC30F8E30D4}.Release Static|Any CPU.Build.0 = Release|Any CPU
		{2E7C0E1A-E76B-4940-B9F4-2AC30F8E30D4}.Release Static|Mixed Platforms.ActiveCfg = Release|Any CPU
		{2E7C0E1A-E76B-4940-B9F4-2AC30F8E30D4}.Release Static|Mixed Platforms.Build.0 = Release|Any CPU
		{2E7C0E1A-E76B-4940-B9F4-2AC30F8E30D4}.Release Static|Win32.ActiveCfg = Release|Any CPU
		{2E7C0E1A-E76B-4940-B9F4-2AC30F8E30D4}.Release Static|x64.ActiveCfg = Release|x86
		{2E7C0E1A-E76B-4940-B9F4-2AC30F8E30D4}.Release Static|x86.ActiveCfg = Release|x86
		{2E7C0E1A-E76B-4940-B9F4-2AC30F8E30D4}.Release Static|x86.Build.0 = Release|x86
		{2E7C0E1A-E76B-4940-B9F4-2AC30F8E30D4}.Release|Any CPU.ActiveCfg = Release|Any CPU
		{2E7C0E1A-E76B-4940-B9F4-2AC30F8E30D4}.Release|Any CPU.Build.0 = Release|Any CPU
		{2E7C0E1A-E76B-4940-B9F4-2AC30F8E30D4}.Release|Mixed Platforms.ActiveCfg = Release|Any CPU
		{2E7C0E1A-E76B-4940-B9F4-2AC30F8E30D4}.Release|Mixed Platforms.Build.0 = Release|Any CPU
		{2E7C0E1A-E76B-4940-B9F4-2AC30F8E30D4}.Release|Win32.ActiveCfg = Release|Any CPU
		{2E7C0E1A-E76B-4940-B9F4-2AC30F8E30D4}.Release|x64.ActiveCfg = Release|x86
		{2E7C0E1A-E76B-4940-B9F4-2AC30F8E30D4}.Release|x86.ActiveCfg = Release|x86
		{2E7C0E1A-E76B-4940-B9F4-2AC30F8E30D4}.Release|x86.Build.0 = Release|x86
		{9103C255-D71C-4E99-87A6-047D4A32EF67}.Debug Static|Any CPU.ActiveCfg = Release|Any CPU
		{9103C255-D71C-4E99-87A6-047D4A32EF67}.Debug Static|Any CPU.Build.0 = Release|Any CPU
		{9103C255-D71C-4E99-87A6-047D4A32EF67}.Debug Static|Mixed Platforms.ActiveCfg = Debug|Any CPU
		{9103C255-D71C-4E99-87A6-047D4A32EF67}.Debug Static|Mixed Platforms.Build.0 = Debug|Any CPU
		{9103C255-D71C-4E99-87A6-047D4A32EF67}.Debug Static|Win32.ActiveCfg = Debug|Any CPU
		{9103C255-D71C-4E99-87A6-047D4A32EF67}.Debug Static|x64.ActiveCfg = Debug|x86
		{9103C255-D71C-4E99-87A6-047D4A32EF67}.Debug Static|x86.ActiveCfg = Debug|x86
		{9103C255-D71C-4E99-87A6-047D4A32EF67}.Debug Static|x86.Build.0 = Debug|x86
		{9103C255-D71C-4E99-87A6-047D4A32EF67}.Debug|Any CPU.ActiveCfg = Debug|Any CPU
		{9103C255-D71C-4E99-87A6-047D4A32EF67}.Debug|Any CPU.Build.0 = Debug|Any CPU
		{9103C255-D71C-4E99-87A6-047D4A32EF67}.Debug|Mixed Platforms.ActiveCfg = Debug|Any CPU
		{9103C255-D71C-4E99-87A6-047D4A32EF67}.Debug|Mixed Platforms.Build.0 = Debug|Any CPU
		{9103C255-D71C-4E99-87A6-047D4A32EF67}.Debug|Win32.ActiveCfg = Debug|Any CPU
		{9103C255-D71C-4E99-87A6-047D4A32EF67}.Debug|x64.ActiveCfg = Debug|x86
		{9103C255-D71C-4E99-87A6-047D4A32EF67}.Debug|x86.ActiveCfg = Debug|x86
		{9103C255-D71C-4E99-87A6-047D4A32EF67}.Debug|x86.Build.0 = Debug|x86
		{9103C255-D71C-4E99-87A6-047D4A32EF67}.Release Static|Any CPU.ActiveCfg = Release|Any CPU
		{9103C255-D71C-4E99-87A6-047D4A32EF67}.Release Static|Any CPU.Build.0 = Release|Any CPU
		{9103C255-D71C-4E99-87A6-047D4A32EF67}.Release Static|Mixed Platforms.ActiveCfg = Release|Any CPU
		{9103C255-D71C-4E99-87A6-047D4A32EF67}.Release Static|Mixed Platforms.Build.0 = Release|Any CPU
		{9103C255-D71C-4E99-87A6-047D4A32EF67}.Release Static|Win32.ActiveCfg = Release|Any CPU
		{9103C255-D71C-4E99-87A6-047D4A32EF67}.Release Static|x64.ActiveCfg = Release|x86
		{9103C255-D71C-4E99-87A6-047D4A32EF67}.Release Static|x86.ActiveCfg = Release|x86
		{9103C255-D71C-4E99-87A6-047D4A32EF67}.Release Static|x86.Build.0 = Release|x86
		{9103C255-D71C-4E99-87A6-047D4A32EF67}.Release|Any CPU.ActiveCfg = Release|Any CPU
		{9103C255-D71C-4E99-87A6-047D4A32EF67}.Release|Any CPU.Build.0 = Release|Any CPU
		{9103C255-D71C-4E99-87A6-047D4A32EF67}.Release|Mixed Platforms.ActiveCfg = Release|Any CPU
		{9103C255-D71C-4E99-87A6-047D4A32EF67}.Release|Mixed Platforms.Build.0 = Release|Any CPU
		{9103C255-D71C-4E99-87A6-047D4A32EF67}.Release|Win32.ActiveCfg = Release|Any CPU
		{9103C255-D71C-4E99-87A6-047D4A32EF67}.Release|x64.ActiveCfg = Release|x86
		{9103C255-D71C-4E99-87A6-047D4A32EF67}.Release|x86.ActiveCfg = Release|x86
		{9103C255-D71C-4E99-87A6-047D4A32EF67}.Release|x86.Build.0 = Release|x86
		{9569DD52-34F7-4F8D-97E6-3EA95774B56D}.Debug Static|Any CPU.ActiveCfg = Release|Any CPU
		{9569DD52-34F7-4F8D-97E6-3EA95774B56D}.Debug Static|Any CPU.Build.0 = Release|Any CPU
		{9569DD52-34F7-4F8D-97E6-3EA95774B56D}.Debug Static|Mixed Platforms.ActiveCfg = Debug|Any CPU
		{9569DD52-34F7-4F8D-97E6-3EA95774B56D}.Debug Static|Mixed Platforms.Build.0 = Debug|Any CPU
		{9569DD52-34F7-4F8D-97E6-3EA95774B56D}.Debug Static|Win32.ActiveCfg = Debug|Any CPU
		{9569DD52-34F7-4F8D-97E6-3EA95774B56D}.Debug Static|x64.ActiveCfg = Debug|x86
		{9569DD52-34F7-4F8D-97E6-3EA95774B56D}.Debug Static|x86.ActiveCfg = Debug|x86
		{9569DD52-34F7-4F8D-97E6-3EA95774B56D}.Debug Static|x86.Build.0 = Debug|x86
		{9569DD52-34F7-4F8D-97E6-3EA95774B56D}.Debug|Any CPU.ActiveCfg = Debug|Any CPU
		{9569DD52-34F7-4F8D-97E6-3EA95774B56D}.Debug|Any CPU.Build.0 = Debug|Any CPU
		{9569DD52-34F7-4F8D-97E6-3EA95774B56D}.Debug|Mixed Platforms.ActiveCfg = Debug|Any CPU
		{9569DD52-34F7-4F8D-97E6-3EA95774B56D}.Debug|Mixed Platforms.Build.0 = Debug|Any CPU
		{9569DD52-34F7-4F8D-97E6-3EA95774B56D}.Debug|Win32.ActiveCfg = Debug|Any CPU
		{9569DD52-34F7-4F8D-97E6-3EA95774B56D}.Debug|x64.ActiveCfg = Debug|x86
		{9569DD52-34F7-4F8D-97E6-3EA95774B56D}.Debug|x86.ActiveCfg = Debug|x86
		{9569DD52-34F7-4F8D-97E6-3EA95774B56D}.Debug|x86.Build.0 = Debug|x86
		{9569DD52-34F7-4F8D-97E6-3EA95774B56D}.Release Static|Any CPU.ActiveCfg = Release|Any CPU
		{9569DD52-34F7-4F8D-97E6-3EA95774B56D}.Release Static|Any CPU.Build.0 = Release|Any CPU
		{9569DD52-34F7-4F8D-97E6-3EA95774B56D}.Release Static|Mixed Platforms.ActiveCfg = Release|Any CPU
		{9569DD52-34F7-4F8D-97E6-3EA95774B56D}.Release Static|Mixed Platforms.Build.0 = Release|Any CPU
		{9569DD52-34F7-4F8D-97E6-3EA95774B56D}.Release Static|Win32.ActiveCfg = Release|Any CPU
		{9569DD52-34F7-4F8D-97E6-3EA95774B56D}.Release Static|x64.ActiveCfg = Release|x86
		{9569DD52-34F7-4F8D-97E6-3EA95774B56D}.Release Static|x86.ActiveCfg = Release|x86
		{9569DD52-34F7-4F8D-97E6-3EA95774B56D}.Release Static|x86.Build.0 = Release|x86
		{9569DD52-34F7-4F8D-97E6-3EA95774B56D}.Release|Any CPU.ActiveCfg = Release|Any CPU
		{9569DD52-34F7-4F8D-97E6-3EA95774B56D}.Release|Any CPU.Build.0 = Release|Any CPU
		{9569DD52-34F7-4F8D-97E6-3EA95774B56D}.Release|Mixed Platforms.ActiveCfg = Release|Any CPU
		{9569DD52-34F7-4F8D-97E6-3EA95774B56D}.Release|Mixed Platforms.Build.0 = Release|Any CPU
		{9569DD52-34F7-4F8D-97E6-3EA95774B56D}.Release|Win32.ActiveCfg = Release|Any CPU
		{9569DD52-34F7-4F8D-97E6-3EA95774B56D}.Release|x64.ActiveCfg = Release|x86
		{9569DD52-34F7-4F8D-97E6-3EA95774B56D}.Release|x86.ActiveCfg = Release|x86
		{9569DD52-34F7-4F8D-97E6-3EA95774B56D}.Release|x86.Build.0 = Release|x86
		{3A5DB212-B10D-4F7F-8760-AE60B99E3F68}.Debug Static|Any CPU.ActiveCfg = Release|Any CPU
		{3A5DB212-B10D-4F7F-8760-AE60B99E3F68}.Debug Static|Any CPU.Build.0 = Release|Any CPU
		{3A5DB212-B10D-4F7F-8760-AE60B99E3F68}.Debug Static|Mixed Platforms.ActiveCfg = Debug|Any CPU
		{3A5DB212-B10D-4F7F-8760-AE60B99E3F68}.Debug Static|Mixed Platforms.Build.0 = Debug|Any CPU
		{3A5DB212-B10D-4F7F-8760-AE60B99E3F68}.Debug Static|Win32.ActiveCfg = Debug|Any CPU
		{3A5DB212-B10D-4F7F-8760-AE60B99E3F68}.Debug Static|x64.ActiveCfg = Debug|x86
		{3A5DB212-B10D-4F7F-8760-AE60B99E3F68}.Debug Static|x86.ActiveCfg = Debug|x86
		{3A5DB212-B10D-4F7F-8760-AE60B99E3F68}.Debug Static|x86.Build.0 = Debug|x86
		{3A5DB212-B10D-4F7F-8760-AE60B99E3F68}.Debug|Any CPU.ActiveCfg = Debug|Any CPU
		{3A5DB212-B10D-4F7F-8760-AE60B99E3F68}.Debug|Any CPU.Build.0 = Debug|Any CPU
		{3A5DB212-B10D-4F7F-8760-AE60B99E3F68}.Debug|Mixed Platforms.ActiveCfg = Debug|Any CPU
		{3A5DB212-B10D-4F7F-8760-AE60B99E3F68}.Debug|Mixed Platforms.Build.0 = Debug|Any CPU
		{3A5DB212-B10D-4F7F-8760-AE60B99E3F68}.Debug|Win32.ActiveCfg = Debug|Any CPU
		{3A5DB212-B10D-4F7F-8760-AE60B99E3F68}.Debug|x64.ActiveCfg = Debug|x86
		{3A5DB212-B10D-4F7F-8760-AE60B99E3F68}.Debug|x86.ActiveCfg = Debug|x86
		{3A5DB212-B10D-4F7F-8760-AE60B99E3F68}.Debug|x86.Build.0 = Debug|x86
		{3A5DB212-B10D-4F7F-8760-AE60B99E3F68}.Release Static|Any CPU.ActiveCfg = Release|Any CPU
		{3A5DB212-B10D-4F7F-8760-AE60B99E3F68}.Release Static|Any CPU.Build.0 = Release|Any CPU
		{3A5DB212-B10D-4F7F-8760-AE60B99E3F68}.Release Static|Mixed Platforms.ActiveCfg = Release|Any CPU
		{3A5DB212-B10D-4F7F-8760-AE60B99E3F68}.Release Static|Mixed Platforms.Build.0 = Release|Any CPU
		{3A5DB212-B10D-4F7F-8760-AE60B99E3F68}.Release Static|Win32.ActiveCfg = Release|Any CPU
		{3A5DB212-B10D-4F7F-8760-AE60B99E3F68}.Release Static|x64.ActiveCfg = Release|x86
		{3A5DB212-B10D-4F7F-8760-AE60B99E3F68}.Release Static|x86.ActiveCfg = Release|x86
		{3A5DB212-B10D-4F7F-8760-AE60B99E3F68}.Release Static|x86.Build.0 = Release|x86
		{3A5DB212-B10D-4F7F-8760-AE60B99E3F68}.Release|Any CPU.ActiveCfg = Release|Any CPU
		{3A5DB212-B10D-4F7F-8760-AE60B99E3F68}.Release|Any CPU.Build.0 = Release|Any CPU
		{3A5DB212-B10D-4F7F-8760-AE60B99E3F68}.Release|Mixed Platforms.ActiveCfg = Release|Any CPU
		{3A5DB212-B10D-4F7F-8760-AE60B99E3F68}.Release|Mixed Platforms.Build.0 = Release|Any CPU
		{3A5DB212-B10D-4F7F-8760-AE60B99E3F68}.Release|Win32.ActiveCfg = Release|Any CPU
		{3A5DB212-B10D-4F7F-8760-AE60B99E3F68}.Release|x64.ActiveCfg = Release|x86
		{3A5DB212-B10D-4F7F-8760-AE60B99E3F68}.Release|x86.ActiveCfg = Release|x86
		{CA632E36-6514-40A6-B43B-925B89DE7A81}.Debug Static|Any CPU.ActiveCfg = Release|Any CPU
		{CA632E36-6514-40A6-B43B-925B89DE7A81}.Debug Static|Any CPU.Build.0 = Release|Any CPU
		{CA632E36-6514-40A6-B43B-925B89DE7A81}.Debug Static|Mixed Platforms.ActiveCfg = Debug|Any CPU
		{CA632E36-6514-40A6-B43B-925B89DE7A81}.Debug Static|Mixed Platforms.Build.0 = Debug|Any CPU
		{CA632E36-6514-40A6-B43B-925B89DE7A81}.Debug Static|Win32.ActiveCfg = Debug|Any CPU
		{CA632E36-6514-40A6-B43B-925B89DE7A81}.Debug Static|x64.ActiveCfg = Debug|x86
		{CA632E36-6514-40A6-B43B-925B89DE7A81}.Debug Static|x86.ActiveCfg = Debug|x86
		{CA632E36-6514-40A6-B43B-925B89DE7A81}.Debug Static|x86.Build.0 = Debug|x86
		{CA632E36-6514-40A6-B43B-925B89DE7A81}.Debug|Any CPU.ActiveCfg = Debug|Any CPU
		{CA632E36-6514-40A6-B43B-925B89DE7A81}.Debug|Any CPU.Build.0 = Debug|Any CPU
		{CA632E36-6514-40A6-B43B-925B89DE7A81}.Debug|Mixed Platforms.ActiveCfg = Debug|Any CPU
		{CA632E36-6514-40A6-B43B-925B89DE7A81}.Debug|Mixed Platforms.Build.0 = Debug|Any CPU
		{CA632E36-6514-40A6-B43B-925B89DE7A81}.Debug|Win32.ActiveCfg = Debug|Any CPU
		{CA632E36-6514-40A6-B43B-925B89DE7A81}.Debug|x64.ActiveCfg = Debug|x86
		{CA632E36-6514-40A6-B43B-925B89DE7A81}.Debug|x86.ActiveCfg = Debug|x86
		{CA632E36-6514-40A6-B43B-925B89DE7A81}.Debug|x86.Build.0 = Debug|x86
		{CA632E36-6514-40A6-B43B-925B89DE7A81}.Release Static|Any CPU.ActiveCfg = Release|Any CPU
		{CA632E36-6514-40A6-B43B-925B89DE7A81}.Release Static|Any CPU.Build.0 = Release|Any CPU
		{CA632E36-6514-40A6-B43B-925B89DE7A81}.Release Static|Mixed Platforms.ActiveCfg = Release|Any CPU
		{CA632E36-6514-40A6-B43B-925B89DE7A81}.Release Static|Mixed Platforms.Build.0 = Release|Any CPU
		{CA632E36-6514-40A6-B43B-925B89DE7A81}.Release Static|Win32.ActiveCfg = Release|Any CPU
		{CA632E36-6514-40A6-B43B-925B89DE7A81}.Release Static|x64.ActiveCfg = Release|x86
		{CA632E36-6514-40A6-B43B-925B89DE7A81}.Release Static|x86.ActiveCfg = Release|x86
		{CA632E36-6514-40A6-B43B-925B89DE7A81}.Release Static|x86.Build.0 = Release|x86
		{CA632E36-6514-40A6-B43B-925B89DE7A81}.Release|Any CPU.ActiveCfg = Release|Any CPU
		{CA632E36-6514-40A6-B43B-925B89DE7A81}.Release|Any CPU.Build.0 = Release|Any CPU
		{CA632E36-6514-40A6-B43B-925B89DE7A81}.Release|Mixed Platforms.ActiveCfg = Release|Any CPU
		{CA632E36-6514-40A6-B43B-925B89DE7A81}.Release|Mixed Platforms.Build.0 = Release|Any CPU
		{CA632E36-6514-40A6-B43B-925B89DE7A81}.Release|Win32.ActiveCfg = Release|Any CPU
		{CA632E36-6514-40A6-B43B-925B89DE7A81}.Release|x64.ActiveCfg = Release|x86
		{CA632E36-6514-40A6-B43B-925B89DE7A81}.Release|x86.ActiveCfg = Release|x86
		{CA632E36-6514-40A6-B43B-925B89DE7A81}.Release|x86.Build.0 = Release|x86
		{02B1DD51-D480-4FE2-A7F6-8093D4B0BCEF}.Debug Static|Any CPU.ActiveCfg = Release|Any CPU
		{02B1DD51-D480-4FE2-A7F6-8093D4B0BCEF}.Debug Static|Any CPU.Build.0 = Release|Any CPU
		{02B1DD51-D480-4FE2-A7F6-8093D4B0BCEF}.Debug Static|Mixed Platforms.ActiveCfg = Debug|Any CPU
		{02B1DD51-D480-4FE2-A7F6-8093D4B0BCEF}.Debug Static|Mixed Platforms.Build.0 = Debug|Any CPU
		{02B1DD51-D480-4FE2-A7F6-8093D4B0BCEF}.Debug Static|Win32.ActiveCfg = Debug|Any CPU
		{02B1DD51-D480-4FE2-A7F6-8093D4B0BCEF}.Debug Static|x64.ActiveCfg = Debug|x86
		{02B1DD51-D480-4FE2-A7F6-8093D4B0BCEF}.Debug Static|x86.ActiveCfg = Debug|x86
		{02B1DD51-D480-4FE2-A7F6-8093D4B0BCEF}.Debug Static|x86.Build.0 = Debug|x86
		{02B1DD51-D480-4FE2-A7F6-8093D4B0BCEF}.Debug|Any CPU.ActiveCfg = Debug|Any CPU
		{02B1DD51-D480-4FE2-A7F6-8093D4B0BCEF}.Debug|Any CPU.Build.0 = Debug|Any CPU
		{02B1DD51-D480-4FE2-A7F6-8093D4B0BCEF}.Debug|Mixed Platforms.ActiveCfg = Debug|Any CPU
		{02B1DD51-D480-4FE2-A7F6-8093D4B0BCEF}.Debug|Mixed Platforms.Build.0 = Debug|Any CPU
		{02B1DD51-D480-4FE2-A7F6-8093D4B0BCEF}.Debug|Win32.ActiveCfg = Debug|Any CPU
		{02B1DD51-D480-4FE2-A7F6-8093D4B0BCEF}.Debug|x64.ActiveCfg = Debug|x86
		{02B1DD51-D480-4FE2-A7F6-8093D4B0BCEF}.Debug|x86.ActiveCfg = Debug|x86
		{02B1DD51-D480-4FE2-A7F6-8093D4B0BCEF}.Debug|x86.Build.0 = Debug|x86
		{02B1DD51-D480-4FE2-A7F6-8093D4B0BCEF}.Release Static|Any CPU.ActiveCfg = Release|Any CPU
		{02B1DD51-D480-4FE2-A7F6-8093D4B0BCEF}.Release Static|Any CPU.Build.0 = Release|Any CPU
		{02B1DD51-D480-4FE2-A7F6-8093D4B0BCEF}.Release Static|Mixed Platforms.ActiveCfg = Release|Any CPU
		{02B1DD51-D480-4FE2-A7F6-8093D4B0BCEF}.Release Static|Mixed Platforms.Build.0 = Release|Any CPU
		{02B1DD51-D480-4FE2-A7F6-8093D4B0BCEF}.Release Static|Win32.ActiveCfg = Release|Any CPU
		{02B1DD51-D480-4FE2-A7F6-8093D4B0BCEF}.Release Static|x64.ActiveCfg = Release|x86
		{02B1DD51-D480-4FE2-A7F6-8093D4B0BCEF}.Release Static|x86.ActiveCfg = Release|x86
		{02B1DD51-D480-4FE2-A7F6-8093D4B0BCEF}.Release Static|x86.Build.0 = Release|x86
		{02B1DD51-D480-4FE2-A7F6-8093D4B0BCEF}.Release|Any CPU.ActiveCfg = Release|Any CPU
		{02B1DD51-D480-4FE2-A7F6-8093D4B0BCEF}.Release|Any CPU.Build.0 = Release|Any CPU
		{02B1DD51-D480-4FE2-A7F6-8093D4B0BCEF}.Release|Mixed Platforms.ActiveCfg = Release|Any CPU
		{02B1DD51-D480-4FE2-A7F6-8093D4B0BCEF}.Release|Mixed Platforms.Build.0 = Release|Any CPU
		{02B1DD51-D480-4FE2-A7F6-8093D4B0BCEF}.Release|Win32.ActiveCfg = Release|Any CPU
		{02B1DD51-D480-4FE2-A7F6-8093D4B0BCEF}.Release|x64.ActiveCfg = Release|x86
		{02B1DD51-D480-4FE2-A7F6-8093D4B0BCEF}.Release|x86.ActiveCfg = Release|x86
		{02B1DD51-D480-4FE2-A7F6-8093D4B0BCEF}.Release|x86.Build.0 = Release|x86
		{8362B063-98B7-47F1-A59D-5CE6EC5F34FE}.Debug Static|Any CPU.ActiveCfg = Release|Any CPU
		{8362B063-98B7-47F1-A59D-5CE6EC5F34FE}.Debug Static|Any CPU.Build.0 = Release|Any CPU
		{8362B063-98B7-47F1-A59D-5CE6EC5F34FE}.Debug Static|Mixed Platforms.ActiveCfg = Debug|Any CPU
		{8362B063-98B7-47F1-A59D-5CE6EC5F34FE}.Debug Static|Mixed Platforms.Build.0 = Debug|Any CPU
		{8362B063-98B7-47F1-A59D-5CE6EC5F34FE}.Debug Static|Win32.ActiveCfg = Debug|Any CPU
		{8362B063-98B7-47F1-A59D-5CE6EC5F34FE}.Debug Static|x64.ActiveCfg = Debug|x86
		{8362B063-98B7-47F1-A59D-5CE6EC5F34FE}.Debug Static|x86.ActiveCfg = Debug|x86
		{8362B063-98B7-47F1-A59D-5CE6EC5F34FE}.Debug Static|x86.Build.0 = Debug|x86
		{8362B063-98B7-47F1-A59D-5CE6EC5F34FE}.Debug|Any CPU.ActiveCfg = Debug|Any CPU
		{8362B063-98B7-47F1-A59D-5CE6EC5F34FE}.Debug|Any CPU.Build.0 = Debug|Any CPU
		{8362B063-98B7-47F1-A59D-5CE6EC5F34FE}.Debug|Mixed Platforms.ActiveCfg = Debug|Any CPU
		{8362B063-98B7-47F1-A59D-5CE6EC5F34FE}.Debug|Mixed Platforms.Build.0 = Debug|Any CPU
		{8362B063-98B7-47F1-A59D-5CE6EC5F34FE}.Debug|Win32.ActiveCfg = Debug|Any CPU
		{8362B063-98B7-47F1-A59D-5CE6EC5F34FE}.Debug|x64.ActiveCfg = Debug|x86
		{8362B063-98B7-47F1-A59D-5CE6EC5F34FE}.Debug|x86.ActiveCfg = Debug|x86
		{8362B063-98B7-47F1-A59D-5CE6EC5F34FE}.Debug|x86.Build.0 = Debug|x86
		{8362B063-98B7-47F1-A59D-5CE6EC5F34FE}.Release Static|Any CPU.ActiveCfg = Release|Any CPU
		{8362B063-98B7-47F1-A59D-5CE6EC5F34FE}.Release Static|Any CPU.Build.0 = Release|Any CPU
		{8362B063-98B7-47F1-A59D-5CE6EC5F34FE}.Release Static|Mixed Platforms.ActiveCfg = Release|Any CPU
		{8362B063-98B7-47F1-A59D-5CE6EC5F34FE}.Release Static|Mixed Platforms.Build.0 = Release|Any CPU
		{8362B063-98B7-47F1-A59D-5CE6EC5F34FE}.Release Static|Win32.ActiveCfg = Release|Any CPU
		{8362B063-98B7-47F1-A59D-5CE6EC5F34FE}.Release Static|x64.ActiveCfg = Release|x86
		{8362B063-98B7-47F1-A59D-5CE6EC5F34FE}.Release Static|x86.ActiveCfg = Release|x86
		{8362B063-98B7-47F1-A59D-5CE6EC5F34FE}.Release Static|x86.Build.0 = Release|x86
		{8362B063-98B7-47F1-A59D-5CE6EC5F34FE}.Release|Any CPU.ActiveCfg = Release|Any CPU
		{8362B063-98B7-47F1-A59D-5CE6EC5F34FE}.Release|Any CPU.Build.0 = Release|Any CPU
		{8362B063-98B7-47F1-A59D-5CE6EC5F34FE}.Release|Mixed Platforms.ActiveCfg = Release|Any CPU
		{8362B063-98B7-47F1-A59D-5CE6EC5F34FE}.Release|Mixed Platforms.Build.0 = Release|Any CPU
		{8362B063-98B7-47F1-A59D-5CE6EC5F34FE}.Release|Win32.ActiveCfg = Release|Any CPU
		{8362B063-98B7-47F1-A59D-5CE6EC5F34FE}.Release|x64.ActiveCfg = Release|x86
		{8362B063-98B7-47F1-A59D-5CE6EC5F34FE}.Release|x86.ActiveCfg = Release|x86
		{8362B063-98B7-47F1-A59D-5CE6EC5F34FE}.Release|x86.Build.0 = Release|x86
		{AA9AF8D0-E825-4BDD-9291-624858D076CA}.Debug Static|Any CPU.ActiveCfg = Debug|Any CPU
		{AA9AF8D0-E825-4BDD-9291-624858D076CA}.Debug Static|Any CPU.Build.0 = Debug|Any CPU
		{AA9AF8D0-E825-4BDD-9291-624858D076CA}.Debug Static|Mixed Platforms.ActiveCfg = Debug|Any CPU
		{AA9AF8D0-E825-4BDD-9291-624858D076CA}.Debug Static|Mixed Platforms.Build.0 = Debug|Any CPU
		{AA9AF8D0-E825-4BDD-9291-624858D076CA}.Debug Static|Win32.ActiveCfg = Debug|Any CPU
		{AA9AF8D0-E825-4BDD-9291-624858D076CA}.Debug Static|x64.ActiveCfg = Debug|x86
		{AA9AF8D0-E825-4BDD-9291-624858D076CA}.Debug Static|x86.ActiveCfg = Debug|x86
		{AA9AF8D0-E825-4BDD-9291-624858D076CA}.Debug Static|x86.Build.0 = Debug|x86
		{AA9AF8D0-E825-4BDD-9291-624858D076CA}.Debug|Any CPU.ActiveCfg = Debug|Any CPU
		{AA9AF8D0-E825-4BDD-9291-624858D076CA}.Debug|Any CPU.Build.0 = Debug|Any CPU
		{AA9AF8D0-E825-4BDD-9291-624858D076CA}.Debug|Mixed Platforms.ActiveCfg = Debug|Any CPU
		{AA9AF8D0-E825-4BDD-9291-624858D076CA}.Debug|Mixed Platforms.Build.0 = Debug|Any CPU
		{AA9AF8D0-E825-4BDD-9291-624858D076CA}.Debug|Win32.ActiveCfg = Debug|Any CPU
		{AA9AF8D0-E825-4BDD-9291-624858D076CA}.Debug|x64.ActiveCfg = Debug|x86
		{AA9AF8D0-E825-4BDD-9291-624858D076CA}.Debug|x86.ActiveCfg = Debug|x86
		{AA9AF8D0-E825-4BDD-9291-624858D076CA}.Debug|x86.Build.0 = Debug|x86
		{AA9AF8D0-E825-4BDD-9291-624858D076CA}.Release Static|Any CPU.ActiveCfg = Release|Any CPU
		{AA9AF8D0-E825-4BDD-9291-624858D076CA}.Release Static|Any CPU.Build.0 = Release|Any CPU
		{AA9AF8D0-E825-4BDD-9291-624858D076CA}.Release Static|Mixed Platforms.ActiveCfg = Release|Any CPU
		{AA9AF8D0-E825-4BDD-9291-624858D076CA}.Release Static|Mixed Platforms.Build.0 = Release|Any CPU
		{AA9AF8D0-E825-4BDD-9291-624858D076CA}.Release Static|Win32.ActiveCfg = Release|Any CPU
		{AA9AF8D0-E825-4BDD-9291-624858D076CA}.Release Static|x64.ActiveCfg = Release|x86
		{AA9AF8D0-E825-4BDD-9291-624858D076CA}.Release Static|x86.ActiveCfg = Release|x86
		{AA9AF8D0-E825-4BDD-9291-624858D076CA}.Release Static|x86.Build.0 = Release|x86
		{AA9AF8D0-E825-4BDD-9291-624858D076CA}.Release|Any CPU.ActiveCfg = Release|Any CPU
		{AA9AF8D0-E825-4BDD-9291-624858D076CA}.Release|Any CPU.Build.0 = Release|Any CPU
		{AA9AF8D0-E825-4BDD-9291-624858D076CA}.Release|Mixed Platforms.ActiveCfg = Release|Any CPU
		{AA9AF8D0-E825-4BDD-9291-624858D076CA}.Release|Mixed Platforms.Build.0 = Release|Any CPU
		{AA9AF8D0-E825-4BDD-9291-624858D076CA}.Release|Win32.ActiveCfg = Release|Any CPU
		{AA9AF8D0-E825-4BDD-9291-624858D076CA}.Release|x64.ActiveCfg = Release|x86
		{AA9AF8D0-E825-4BDD-9291-624858D076CA}.Release|x86.ActiveCfg = Release|x86
		{AA9AF8D0-E825-4BDD-9291-624858D076CA}.Release|x86.Build.0 = Release|x86
		{CC6337CE-9E37-4E1D-9395-F7782CE77D6C}.Debug Static|Any CPU.ActiveCfg = Debug|Any CPU
		{CC6337CE-9E37-4E1D-9395-F7782CE77D6C}.Debug Static|Any CPU.Build.0 = Debug|Any CPU
		{CC6337CE-9E37-4E1D-9395-F7782CE77D6C}.Debug Static|Mixed Platforms.ActiveCfg = Debug|Any CPU
		{CC6337CE-9E37-4E1D-9395-F7782CE77D6C}.Debug Static|Mixed Platforms.Build.0 = Debug|Any CPU
		{CC6337CE-9E37-4E1D-9395-F7782CE77D6C}.Debug Static|Win32.ActiveCfg = Debug|Any CPU
		{CC6337CE-9E37-4E1D-9395-F7782CE77D6C}.Debug Static|x64.ActiveCfg = Debug|x86
		{CC6337CE-9E37-4E1D-9395-F7782CE77D6C}.Debug Static|x86.ActiveCfg = Debug|x86
		{CC6337CE-9E37-4E1D-9395-F7782CE77D6C}.Debug Static|x86.Build.0 = Debug|x86
		{CC6337CE-9E37-4E1D-9395-F7782CE77D6C}.Debug|Any CPU.ActiveCfg = Debug|Any CPU
		{CC6337CE-9E37-4E1D-9395-F7782CE77D6C}.Debug|Any CPU.Build.0 = Debug|Any CPU
		{CC6337CE-9E37-4E1D-9395-F7782CE77D6C}.Debug|Mixed Platforms.ActiveCfg = Debug|Any CPU
		{CC6337CE-9E37-4E1D-9395-F7782CE77D6C}.Debug|Mixed Platforms.Build.0 = Debug|Any CPU
		{CC6337CE-9E37-4E1D-9395-F7782CE77D6C}.Debug|Win32.ActiveCfg = Debug|Any CPU
		{CC6337CE-9E37-4E1D-9395-F7782CE77D6C}.Debug|x64.ActiveCfg = Debug|x86
		{CC6337CE-9E37-4E1D-9395-F7782CE77D6C}.Debug|x86.ActiveCfg = Debug|x86
		{CC6337CE-9E37-4E1D-9395-F7782CE77D6C}.Debug|x86.Build.0 = Debug|x86
		{CC6337CE-9E37-4E1D-9395-F7782CE77D6C}.Release Static|Any CPU.ActiveCfg = Release|Any CPU
		{CC6337CE-9E37-4E1D-9395-F7782CE77D6C}.Release Static|Any CPU.Build.0 = Release|Any CPU
		{CC6337CE-9E37-4E1D-9395-F7782CE77D6C}.Release Static|Mixed Platforms.ActiveCfg = Release|Any CPU
		{CC6337CE-9E37-4E1D-9395-F7782CE77D6C}.Release Static|Mixed Platforms.Build.0 = Release|Any CPU
		{CC6337CE-9E37-4E1D-9395-F7782CE77D6C}.Release Static|Win32.ActiveCfg = Release|Any CPU
		{CC6337CE-9E37-4E1D-9395-F7782CE77D6C}.Release Static|x64.ActiveCfg = Release|x86
		{CC6337CE-9E37-4E1D-9395-F7782CE77D6C}.Release Static|x86.ActiveCfg = Release|x86
		{CC6337CE-9E37-4E1D-9395-F7782CE77D6C}.Release Static|x86.Build.0 = Release|x86
		{CC6337CE-9E37-4E1D-9395-F7782CE77D6C}.Release|Any CPU.ActiveCfg = Release|Any CPU
		{CC6337CE-9E37-4E1D-9395-F7782CE77D6C}.Release|Any CPU.Build.0 = Release|Any CPU
		{CC6337CE-9E37-4E1D-9395-F7782CE77D6C}.Release|Mixed Platforms.ActiveCfg = Release|Any CPU
		{CC6337CE-9E37-4E1D-9395-F7782CE77D6C}.Release|Mixed Platforms.Build.0 = Release|Any CPU
		{CC6337CE-9E37-4E1D-9395-F7782CE77D6C}.Release|Win32.ActiveCfg = Release|Any CPU
		{CC6337CE-9E37-4E1D-9395-F7782CE77D6C}.Release|x64.ActiveCfg = Release|x86
		{CC6337CE-9E37-4E1D-9395-F7782CE77D6C}.Release|x86.ActiveCfg = Release|x86
		{CC6337CE-9E37-4E1D-9395-F7782CE77D6C}.Release|x86.Build.0 = Release|x86
		{8CD552D1-01D2-4420-B5F8-4E57B84CB39B}.Debug Static|Any CPU.ActiveCfg = Debug|x86
		{8CD552D1-01D2-4420-B5F8-4E57B84CB39B}.Debug Static|Mixed Platforms.ActiveCfg = Debug|x86
		{8CD552D1-01D2-4420-B5F8-4E57B84CB39B}.Debug Static|Mixed Platforms.Build.0 = Debug|x86
		{8CD552D1-01D2-4420-B5F8-4E57B84CB39B}.Debug Static|Win32.ActiveCfg = Debug|x86
		{8CD552D1-01D2-4420-B5F8-4E57B84CB39B}.Debug Static|x64.ActiveCfg = Debug|x86
		{8CD552D1-01D2-4420-B5F8-4E57B84CB39B}.Debug Static|x86.ActiveCfg = Debug|x86
		{8CD552D1-01D2-4420-B5F8-4E57B84CB39B}.Debug Static|x86.Build.0 = Debug|x86
		{8CD552D1-01D2-4420-B5F8-4E57B84CB39B}.Debug|Any CPU.ActiveCfg = Debug|Any CPU
		{8CD552D1-01D2-4420-B5F8-4E57B84CB39B}.Debug|Any CPU.Build.0 = Debug|Any CPU
		{8CD552D1-01D2-4420-B5F8-4E57B84CB39B}.Debug|Mixed Platforms.ActiveCfg = Debug|x86
		{8CD552D1-01D2-4420-B5F8-4E57B84CB39B}.Debug|Mixed Platforms.Build.0 = Debug|x86
		{8CD552D1-01D2-4420-B5F8-4E57B84CB39B}.Debug|Win32.ActiveCfg = Debug|x86
		{8CD552D1-01D2-4420-B5F8-4E57B84CB39B}.Debug|x64.ActiveCfg = Debug|x86
		{8CD552D1-01D2-4420-B5F8-4E57B84CB39B}.Debug|x86.ActiveCfg = Debug|x86
		{8CD552D1-01D2-4420-B5F8-4E57B84CB39B}.Debug|x86.Build.0 = Debug|x86
		{8CD552D1-01D2-4420-B5F8-4E57B84CB39B}.Release Static|Any CPU.ActiveCfg = Release|x86
		{8CD552D1-01D2-4420-B5F8-4E57B84CB39B}.Release Static|Mixed Platforms.ActiveCfg = Release|x86
		{8CD552D1-01D2-4420-B5F8-4E57B84CB39B}.Release Static|Mixed Platforms.Build.0 = Release|x86
		{8CD552D1-01D2-4420-B5F8-4E57B84CB39B}.Release Static|Win32.ActiveCfg = Release|x86
		{8CD552D1-01D2-4420-B5F8-4E57B84CB39B}.Release Static|x64.ActiveCfg = Release|x86
		{8CD552D1-01D2-4420-B5F8-4E57B84CB39B}.Release Static|x86.ActiveCfg = Release|x86
		{8CD552D1-01D2-4420-B5F8-4E57B84CB39B}.Release Static|x86.Build.0 = Release|x86
		{8CD552D1-01D2-4420-B5F8-4E57B84CB39B}.Release|Any CPU.ActiveCfg = Release|Any CPU
		{8CD552D1-01D2-4420-B5F8-4E57B84CB39B}.Release|Any CPU.Build.0 = Release|Any CPU
		{8CD552D1-01D2-4420-B5F8-4E57B84CB39B}.Release|Mixed Platforms.ActiveCfg = Release|x86
		{8CD552D1-01D2-4420-B5F8-4E57B84CB39B}.Release|Mixed Platforms.Build.0 = Release|x86
		{8CD552D1-01D2-4420-B5F8-4E57B84CB39B}.Release|Win32.ActiveCfg = Release|x86
		{8CD552D1-01D2-4420-B5F8-4E57B84CB39B}.Release|x64.ActiveCfg = Release|x86
		{8CD552D1-01D2-4420-B5F8-4E57B84CB39B}.Release|x86.ActiveCfg = Release|x86
		{8CD552D1-01D2-4420-B5F8-4E57B84CB39B}.Release|x86.Build.0 = Release|x86
		{DF8DA2AE-724A-4380-94B5-A8CC15C4E358}.Debug Static|Any CPU.ActiveCfg = Debug|x86
		{DF8DA2AE-724A-4380-94B5-A8CC15C4E358}.Debug Static|Mixed Platforms.ActiveCfg = Debug|x86
		{DF8DA2AE-724A-4380-94B5-A8CC15C4E358}.Debug Static|Mixed Platforms.Build.0 = Debug|x86
		{DF8DA2AE-724A-4380-94B5-A8CC15C4E358}.Debug Static|Win32.ActiveCfg = Debug|x86
		{DF8DA2AE-724A-4380-94B5-A8CC15C4E358}.Debug Static|x64.ActiveCfg = Debug|x86
		{DF8DA2AE-724A-4380-94B5-A8CC15C4E358}.Debug Static|x86.ActiveCfg = Debug|x86
		{DF8DA2AE-724A-4380-94B5-A8CC15C4E358}.Debug Static|x86.Build.0 = Debug|x86
		{DF8DA2AE-724A-4380-94B5-A8CC15C4E358}.Debug|Any CPU.ActiveCfg = Debug|Any CPU
		{DF8DA2AE-724A-4380-94B5-A8CC15C4E358}.Debug|Any CPU.Build.0 = Debug|Any CPU
		{DF8DA2AE-724A-4380-94B5-A8CC15C4E358}.Debug|Mixed Platforms.ActiveCfg = Debug|x86
		{DF8DA2AE-724A-4380-94B5-A8CC15C4E358}.Debug|Mixed Platforms.Build.0 = Debug|x86
		{DF8DA2AE-724A-4380-94B5-A8CC15C4E358}.Debug|Win32.ActiveCfg = Debug|x86
		{DF8DA2AE-724A-4380-94B5-A8CC15C4E358}.Debug|x64.ActiveCfg = Debug|x86
		{DF8DA2AE-724A-4380-94B5-A8CC15C4E358}.Debug|x86.ActiveCfg = Debug|x86
		{DF8DA2AE-724A-4380-94B5-A8CC15C4E358}.Debug|x86.Build.0 = Debug|x86
		{DF8DA2AE-724A-4380-94B5-A8CC15C4E358}.Release Static|Any CPU.ActiveCfg = Release|x86
		{DF8DA2AE-724A-4380-94B5-A8CC15C4E358}.Release Static|Mixed Platforms.ActiveCfg = Release|x86
		{DF8DA2AE-724A-4380-94B5-A8CC15C4E358}.Release Static|Mixed Platforms.Build.0 = Release|x86
		{DF8DA2AE-724A-4380-94B5-A8CC15C4E358}.Release Static|Win32.ActiveCfg = Release|x86
		{DF8DA2AE-724A-4380-94B5-A8CC15C4E358}.Release Static|x64.ActiveCfg = Release|x86
		{DF8DA2AE-724A-4380-94B5-A8CC15C4E358}.Release Static|x86.ActiveCfg = Release|x86
		{DF8DA2AE-724A-4380-94B5-A8CC15C4E358}.Release Static|x86.Build.0 = Release|x86
		{DF8DA2AE-724A-4380-94B5-A8CC15C4E358}.Release|Any CPU.ActiveCfg = Release|Any CPU
		{DF8DA2AE-724A-4380-94B5-A8CC15C4E358}.Release|Any CPU.Build.0 = Release|Any CPU
		{DF8DA2AE-724A-4380-94B5-A8CC15C4E358}.Release|Mixed Platforms.ActiveCfg = Release|x86
		{DF8DA2AE-724A-4380-94B5-A8CC15C4E358}.Release|Mixed Platforms.Build.0 = Release|x86
		{DF8DA2AE-724A-4380-94B5-A8CC15C4E358}.Release|Win32.ActiveCfg = Release|x86
		{DF8DA2AE-724A-4380-94B5-A8CC15C4E358}.Release|x64.ActiveCfg = Release|x86
		{DF8DA2AE-724A-4380-94B5-A8CC15C4E358}.Release|x86.ActiveCfg = Release|x86
		{DF8DA2AE-724A-4380-94B5-A8CC15C4E358}.Release|x86.Build.0 = Release|x86
		{5776C17D-3FA8-4D6F-82EF-40177478F39B}.Debug Static|Any CPU.ActiveCfg = Debug
		{5776C17D-3FA8-4D6F-82EF-40177478F39B}.Debug Static|Any CPU.Build.0 = Debug
		{5776C17D-3FA8-4D6F-82EF-40177478F39B}.Debug Static|Mixed Platforms.ActiveCfg = Debug
		{5776C17D-3FA8-4D6F-82EF-40177478F39B}.Debug Static|Mixed Platforms.Build.0 = Debug
		{5776C17D-3FA8-4D6F-82EF-40177478F39B}.Debug Static|Win32.ActiveCfg = Debug
		{5776C17D-3FA8-4D6F-82EF-40177478F39B}.Debug Static|Win32.Build.0 = Debug
		{5776C17D-3FA8-4D6F-82EF-40177478F39B}.Debug Static|x64.ActiveCfg = Debug
		{5776C17D-3FA8-4D6F-82EF-40177478F39B}.Debug Static|x64.Build.0 = Debug
		{5776C17D-3FA8-4D6F-82EF-40177478F39B}.Debug Static|x86.ActiveCfg = Debug
		{5776C17D-3FA8-4D6F-82EF-40177478F39B}.Debug Static|x86.Build.0 = Debug
		{5776C17D-3FA8-4D6F-82EF-40177478F39B}.Debug|Any CPU.ActiveCfg = Debug
		{5776C17D-3FA8-4D6F-82EF-40177478F39B}.Debug|Any CPU.Build.0 = Debug
		{5776C17D-3FA8-4D6F-82EF-40177478F39B}.Debug|Mixed Platforms.ActiveCfg = Debug
		{5776C17D-3FA8-4D6F-82EF-40177478F39B}.Debug|Mixed Platforms.Build.0 = Debug
		{5776C17D-3FA8-4D6F-82EF-40177478F39B}.Debug|Win32.ActiveCfg = Debug
		{5776C17D-3FA8-4D6F-82EF-40177478F39B}.Debug|Win32.Build.0 = Debug
		{5776C17D-3FA8-4D6F-82EF-40177478F39B}.Debug|x64.ActiveCfg = Debug
		{5776C17D-3FA8-4D6F-82EF-40177478F39B}.Debug|x64.Build.0 = Debug
		{5776C17D-3FA8-4D6F-82EF-40177478F39B}.Debug|x86.ActiveCfg = Debug
		{5776C17D-3FA8-4D6F-82EF-40177478F39B}.Release Static|Any CPU.ActiveCfg = Release
		{5776C17D-3FA8-4D6F-82EF-40177478F39B}.Release Static|Any CPU.Build.0 = Release
		{5776C17D-3FA8-4D6F-82EF-40177478F39B}.Release Static|Mixed Platforms.ActiveCfg = Release
		{5776C17D-3FA8-4D6F-82EF-40177478F39B}.Release Static|Mixed Platforms.Build.0 = Release
		{5776C17D-3FA8-4D6F-82EF-40177478F39B}.Release Static|Win32.ActiveCfg = Release
		{5776C17D-3FA8-4D6F-82EF-40177478F39B}.Release Static|Win32.Build.0 = Release
		{5776C17D-3FA8-4D6F-82EF-40177478F39B}.Release Static|x64.ActiveCfg = Release
		{5776C17D-3FA8-4D6F-82EF-40177478F39B}.Release Static|x64.Build.0 = Release
		{5776C17D-3FA8-4D6F-82EF-40177478F39B}.Release Static|x86.ActiveCfg = Release
		{5776C17D-3FA8-4D6F-82EF-40177478F39B}.Release Static|x86.Build.0 = Release
		{5776C17D-3FA8-4D6F-82EF-40177478F39B}.Release|Any CPU.ActiveCfg = Release
		{5776C17D-3FA8-4D6F-82EF-40177478F39B}.Release|Any CPU.Build.0 = Release
		{5776C17D-3FA8-4D6F-82EF-40177478F39B}.Release|Mixed Platforms.ActiveCfg = Release
		{5776C17D-3FA8-4D6F-82EF-40177478F39B}.Release|Mixed Platforms.Build.0 = Release
		{5776C17D-3FA8-4D6F-82EF-40177478F39B}.Release|Win32.ActiveCfg = Release
		{5776C17D-3FA8-4D6F-82EF-40177478F39B}.Release|Win32.Build.0 = Release
		{5776C17D-3FA8-4D6F-82EF-40177478F39B}.Release|x64.ActiveCfg = Release
		{5776C17D-3FA8-4D6F-82EF-40177478F39B}.Release|x64.Build.0 = Release
		{5776C17D-3FA8-4D6F-82EF-40177478F39B}.Release|x86.ActiveCfg = Release
	EndGlobalSection
	GlobalSection(SolutionProperties) = preSolution
		HideSolutionNode = FALSE
	EndGlobalSection
EndGlobal
