<?xml version="1.0" encoding="utf-8"?>
<Project ToolsVersion="4.0" xmlns="http://schemas.microsoft.com/developer/msbuild/2003">
  <ItemGroup>
    <Filter Include="Source Files">
      <UniqueIdentifier>{28b48f5c-a231-4e5a-a8dc-d68d209e1042}</UniqueIdentifier>
      <Extensions>cpp;c;cxx;rc;def;r;odl;idl;hpj;bat</Extensions>
    </Filter>
    <Filter Include="Header Files">
      <UniqueIdentifier>{32958855-0b53-4cfb-9cfc-2d0826a0382f}</UniqueIdentifier>
      <Extensions>h;hpp;hxx;hm;inl</Extensions>
    </Filter>
  </ItemGroup>
  <ItemGroup>
    <ClCompile Include="src\Arrays.cpp">
      <Filter>Source Files</Filter>
    </ClCompile>
    <ClCompile Include="src\CheckSum.cpp">
      <Filter>Source Files</Filter>
    </ClCompile>
    <ClCompile Include="src\CpuSpeed.cpp">
      <Filter>Source Files</Filter>
    </ClCompile>
    <ClCompile Include="src\CpuType.cpp">
      <Filter>Source Files</Filter>
    </ClCompile>
    <ClCompile Include="src\CsvSetup.cpp">
      <Filter>Source Files</Filter>
    </ClCompile>
    <ClCompile Include="src\DialogScroll.cpp">
      <Filter>Source Files</Filter>
    </ClCompile>
    <ClCompile Include="src\DlgUnits.cpp">
      <Filter>Source Files</Filter>
    </ClCompile>
    <ClCompile Include="src\DosDate.cpp">
      <Filter>Source Files</Filter>
    </ClCompile>
    <ClCompile Include="src\filesys.cpp">
      <Filter>Source Files</Filter>
    </ClCompile>
    <ClCompile Include="src\ImageListEx.cpp">
      <Filter>Source Files</Filter>
    </ClCompile>
    <ClCompile Include="src\IniFile.cpp">
      <Filter>Source Files</Filter>
    </ClCompile>
    <ClCompile Include="src\IPAddress.cpp">
      <Filter>Source Files</Filter>
    </ClCompile>
    <ClCompile Include="src\LogFile.cpp">
      <Filter>Source Files</Filter>
    </ClCompile>
    <ClCompile Include="src\MapiMail.cpp">
      <Filter>Source Files</Filter>
    </ClCompile>
    <ClCompile Include="src\Markup.cpp">
      <Filter>Source Files</Filter>
    </ClCompile>
    <ClCompile Include="src\OsInfo.cpp">
      <Filter>Source Files</Filter>
    </ClCompile>
    <ClCompile Include="src\PublisherMap.cpp">
      <Filter>Source Files</Filter>
    </ClCompile>
    <ClCompile Include="src\Registry.cpp">
      <Filter>Source Files</Filter>
    </ClCompile>
    <ClCompile Include="src\SECREG.CPP">
      <Filter>Source Files</Filter>
    </ClCompile>
    <ClCompile Include="src\SEFileInfo.cpp">
      <Filter>Source Files</Filter>
    </ClCompile>
    <ClCompile Include="src\SelfExtractor.cpp">
      <Filter>Source Files</Filter>
    </ClCompile>
    <ClCompile Include="src\ShellFileOp.cpp">
      <Filter>Source Files</Filter>
    </ClCompile>
    <ClCompile Include="StdAfx.cpp">
      <Filter>Source Files</Filter>
    </ClCompile>
    <ClCompile Include="src\TRAYICON.CPP">
      <Filter>Source Files</Filter>
    </ClCompile>
    <ClCompile Include="src\treectrl.cpp">
      <Filter>Source Files</Filter>
    </ClCompile>
    <ClCompile Include="src\Utils.cpp">
      <Filter>Source Files</Filter>
    </ClCompile>
    <ClCompile Include="src\WindowsSocket.cpp">
      <Filter>Source Files</Filter>
    </ClCompile>
  </ItemGroup>
  <ItemGroup>
    <ClInclude Include="Include\ARRAYS.H">
      <Filter>Header Files</Filter>
    </ClInclude>
    <ClInclude Include="Include\CheckSum.h">
      <Filter>Header Files</Filter>
    </ClInclude>
    <ClInclude Include="Include\CpuSpeed.h">
      <Filter>Header Files</Filter>
    </ClInclude>
    <ClInclude Include="Include\CpuType.h">
      <Filter>Header Files</Filter>
    </ClInclude>
    <ClInclude Include="Include\CsvSetup.h">
      <Filter>Header Files</Filter>
    </ClInclude>
    <ClInclude Include="Include\DialogMenu.h">
      <Filter>Header Files</Filter>
    </ClInclude>
    <ClInclude Include="Include\DialogScroll.h">
      <Filter>Header Files</Filter>
    </ClInclude>
    <ClInclude Include="Include\Dictionary.h">
      <Filter>Header Files</Filter>
    </ClInclude>
    <ClInclude Include="Include\DlgUnits.h">
      <Filter>Header Files</Filter>
    </ClInclude>
    <ClInclude Include="Include\DosDate.h">
      <Filter>Header Files</Filter>
    </ClInclude>
    <ClInclude Include="Include\filesys.h">
      <Filter>Header Files</Filter>
    </ClInclude>
    <ClInclude Include="Include\ImageListEx.h">
      <Filter>Header Files</Filter>
    </ClInclude>
    <ClInclude Include="Include\IniFile.h">
      <Filter>Header Files</Filter>
    </ClInclude>
    <ClInclude Include="Include\IPAddress.h">
      <Filter>Header Files</Filter>
    </ClInclude>
    <ClInclude Include="Include\ListCtrlEx.h">
      <Filter>Header Files</Filter>
    </ClInclude>
    <ClInclude Include="Include\LOGFILE.H">
      <Filter>Header Files</Filter>
    </ClInclude>
    <ClInclude Include="Include\MapiMail.h">
      <Filter>Header Files</Filter>
    </ClInclude>
    <ClInclude Include="Include\Markup.h">
      <Filter>Header Files</Filter>
    </ClInclude>
    <ClInclude Include="Include\MfcExt.h">
      <Filter>Header Files</Filter>
    </ClInclude>
    <ClInclude Include="Include\OsInfo.h">
      <Filter>Header Files</Filter>
    </ClInclude>
    <ClInclude Include="Include\Registry.h">
      <Filter>Header Files</Filter>
    </ClInclude>
    <ClInclude Include="Include\SECREG.H">
      <Filter>Header Files</Filter>
    </ClInclude>
    <ClInclude Include="Include\SEFileInfo.h">
      <Filter>Header Files</Filter>
    </ClInclude>
    <ClInclude Include="Include\SelfExtractor.h">
      <Filter>Header Files</Filter>
    </ClInclude>
    <ClInclude Include="Include\ShellFileOp.h">
      <Filter>Header Files</Filter>
    </ClInclude>
    <ClInclude Include="StdAfx.h">
      <Filter>Header Files</Filter>
    </ClInclude>
    <ClInclude Include="Include\TRAYICON.H">
      <Filter>Header Files</Filter>
    </ClInclude>
    <ClInclude Include="Include\TreeCtrl.h">
      <Filter>Header Files</Filter>
    </ClInclude>
    <ClInclude Include="Include\UserGroups.h">
      <Filter>Header Files</Filter>
    </ClInclude>
    <ClInclude Include="Include\utils.h">
      <Filter>Header Files</Filter>
    </ClInclude>
    <ClInclude Include="Include\WindowsSocket.h">
      <Filter>Header Files</Filter>
    </ClInclude>
  </ItemGroup>
</Project>